{
  "name": "miniprogram-1",
  "version": "1.0.0",
  "lockfileVersion": 3,
  "requires": true,
  "packages": {
    "": {
      "name": "miniprogram-1",
      "version": "1.0.0",
      "license": "ISC",
      "dependencies": {
        "@vant/weapp": "^1.10.2",
        "miniprogram-sm-crypto": "^0.3.7",
        "three": "^0.183.1",
        "threejs-miniprogram": "^0.0.8"
      }
    },
    "node_modules/@vant/weapp": {
      "version": "1.10.2",
      "resolved": "https://registry.npmjs.org/@vant/weapp/-/weapp-1.10.2.tgz",
      "integrity": "sha512-caqA0xQxM4lMRncFsRPPVMDdEzUBCJ4xdFXuKReXpEU3qwnVIP/WIjVDIi7mWyS7xqz8C9WfSW5JL4PrlSq31w=="
    },
    "node_modules/jsbn": {
      "version": "1.1.0",
      "resolved": "https://registry.npmjs.org/jsbn/-/jsbn-1.1.0.tgz",
      "integrity": "sha1-sBMHyym2GKHtJux56RH4A8TaAEA="
    },
    "node_modules/miniprogram-sm-crypto": {
      "version": "0.3.7",
      "resolved": "https://registry.npmjs.org/miniprogram-sm-crypto/-/miniprogram-sm-crypto-0.3.7.tgz",
      "integrity": "sha512-Z/zFOzLYu2PchP4/Klfcq+yG+K4+S0NHyOz3KlLmHohGms33BS45PBPLVschztlTAWHWZ066oKD6eIbibcc8OA==",
      "dependencies": {
        "jsbn": "^1.1.0"
      }
    },
    "node_modules/three": {
      "version": "0.183.2",
      "resolved": "https://registry.npmmirror.com/three/-/three-0.183.2.tgz",
      "integrity": "sha512-di3BsL2FEQ1PA7Hcvn4fyJOlxRRgFYBpMTcyOgkwJIaDOdJMebEFPA+t98EvjuljDx4hNulAGwF6KIjtwI5jgQ==",
      "license": "MIT"
    },
    "node_modules/threejs-miniprogram": {
      "version": "0.0.8",
      "resolved": "https://registry.npmmirror.com/threejs-miniprogram/-/threejs-miniprogram-0.0.8.tgz",
      "integrity": "sha512-S5IgBMuX57kQsbeSv/5YDc87s+WKvPLYT+Go5FUbSdcjf6/Lq/LoY1uoVxfa00fjLHN+cMuumZ1Op/JmFKUmbw==",
      "license": "MIT"
    }
  }
}
